
Microsoft Visual Studio Solution File, Format Version 12.00
# Visual Studio Version 17
VisualStudioVersion = 17.0.31919.166
MinimumVisualStudioVersion = 10.0.40219.1
Project("{9A19103F-16F7-4668-BE54-9A1E7A4F7556}") = "DevFreela.API", "DevFreela.API\DevFreela.API.csproj", "{3AD5E4E7-D473-4424-8071-7F37A7946050}"
EndProject
Project("{9A19103F-16F7-4668-BE54-9A1E7A4F7556}") = "DevFreela.Core", "DevFreela.Core\DevFreela.Core.csproj", "{5703BC78-9680-4103-8DA0-B97492A737C6}"
EndProject
Project("{FAE04EC0-301F-11D3-BF4B-00C04F79EFBC}") = "DevFreela.Infrastructure", "DevFreela.Infrastructure\DevFreela.Infrastructure.csproj", "{9433DB8D-18B1-41B1-B8B7-B9A4EB41B595}"
EndProject
Global
	GlobalSection(SolutionConfigurationPlatforms) = preSolution
		Debug|Any CPU = Debug|Any CPU
		Release|Any CPU = Release|Any CPU
	EndGlobalSection
	GlobalSection(ProjectConfigurationPlatforms) = postSolution
		{3AD5E4E7-D473-4424-8071-7F37A7946050}.Debug|Any CPU.ActiveCfg = Debug|Any CPU
		{3AD5E4E7-D473-4424-8071-7F37A7946050}.Debug|Any CPU.Build.0 = Debug|Any CPU
		{3AD5E4E7-D473-4424-8071-7F37A7946050}.Release|Any CPU.ActiveCfg = Release|Any CPU
		{3AD5E4E7-D473-4424-8071-7F37A7946050}.Release|Any CPU.Build.0 = Release|Any CPU
		{5703BC78-9680-4103-8DA0-B97492A737C6}.Debug|Any CPU.ActiveCfg = Debug|Any CPU
		{5703BC78-9680-4103-8DA0-B97492A737C6}.Debug|Any CPU.Build.0 = Debug|Any CPU
		{5703BC78-9680-4103-8DA0-B97492A737C6}.Release|Any CPU.ActiveCfg = Release|Any CPU
		{5703BC78-9680-4103-8DA0-B97492A737C6}.Release|Any CPU.Build.0 = Release|Any CPU
		{9433DB8D-18B1-41B1-B8B7-B9A4EB41B595}.Debug|Any CPU.ActiveCfg = Debug|Any CPU
		{9433DB8D-18B1-41B1-B8B7-B9A4EB41B595}.Debug|Any CPU.Build.0 = Debug|Any CPU
		{9433DB8D-18B1-41B1-B8B7-B9A4EB41B595}.Release|Any CPU.ActiveCfg = Release|Any CPU
		{9433DB8D-18B1-41B1-B8B7-B9A4EB41B595}.Release|Any CPU.Build.0 = Release|Any CPU
	EndGlobalSection
	GlobalSection(SolutionProperties) = preSolution
		HideSolutionNode = FALSE
	EndGlobalSection
	GlobalSection(ExtensibilityGlobals) = postSolution
		SolutionGuid = {42AB7914-56C1-45C6-A5F7-057004714011}
	EndGlobalSection
EndGlobal
